
Microsoft Visual Studio Solution File, Format Version 12.00
# Visual Studio 14
VisualStudioVersion = 14.0.25123.0
MinimumVisualStudioVersion = 10.0.40219.1
Project("{FAE04EC0-301F-11D3-BF4B-00C04F79EFBC}") = "Model", "Model\Model.csproj", "{221F9C65-FCDD-4F93-97FE-84DC195F6EEE}"
EndProject
Project("{FAE04EC0-301F-11D3-BF4B-00C04F79EFBC}") = "View", "View\View.csproj", "{5139F6D8-8D45-4EBB-A919-9290043E204F}"
EndProject
Project("{FAE04EC0-301F-11D3-BF4B-00C04F79EFBC}") = "ViewModel", "ViewModel\ViewModel.csproj", "{717D8ED2-6B58-449B-8DE8-74ACFE3F6034}"
EndProject
Project("{FAE04EC0-301F-11D3-BF4B-00C04F79EFBC}") = "CrystalReport", "CrystalReport\CrystalReport.csproj", "{23C9DED3-A60A-4D24-9F43-85C0FBBD00D1}"
EndProject
Global
	GlobalSection(SolutionConfigurationPlatforms) = preSolution
		Debug|Any CPU = Debug|Any CPU
		Debug|x86 = Debug|x86
		Release|Any CPU = Release|Any CPU
		Release|x86 = Release|x86
	EndGlobalSection
	GlobalSection(ProjectConfigurationPlatforms) = postSolution
		{221F9C65-FCDD-4F93-97FE-84DC195F6EEE}.Debug|Any CPU.ActiveCfg = Debug|Any CPU
		{221F9C65-FCDD-4F93-97FE-84DC195F6EEE}.Debug|Any CPU.Build.0 = Debug|Any CPU
		{221F9C65-FCDD-4F93-97FE-84DC195F6EEE}.Debug|x86.ActiveCfg = Debug|Any CPU
		{221F9C65-FCDD-4F93-97FE-84DC195F6EEE}.Debug|x86.Build.0 = Debug|Any CPU
		{221F9C65-FCDD-4F93-97FE-84DC195F6EEE}.Release|Any CPU.ActiveCfg = Release|Any CPU
		{221F9C65-FCDD-4F93-97FE-84DC195F6EEE}.Release|Any CPU.Build.0 = Release|Any CPU
		{221F9C65-FCDD-4F93-97FE-84DC195F6EEE}.Release|x86.ActiveCfg = Release|Any CPU
		{221F9C65-FCDD-4F93-97FE-84DC195F6EEE}.Release|x86.Build.0 = Release|Any CPU
		{5139F6D8-8D45-4EBB-A919-9290043E204F}.Debug|Any CPU.ActiveCfg = Debug|Any CPU
		{5139F6D8-8D45-4EBB-A919-9290043E204F}.Debug|Any CPU.Build.0 = Debug|Any CPU
		{5139F6D8-8D45-4EBB-A919-9290043E204F}.Debug|x86.ActiveCfg = Debug|Any CPU
		{5139F6D8-8D45-4EBB-A919-9290043E204F}.Debug|x86.Build.0 = Debug|Any CPU
		{5139F6D8-8D45-4EBB-A919-9290043E204F}.Release|Any CPU.ActiveCfg = Release|Any CPU
		{5139F6D8-8D45-4EBB-A919-9290043E204F}.Release|Any CPU.Build.0 = Release|Any CPU
		{5139F6D8-8D45-4EBB-A919-9290043E204F}.Release|x86.ActiveCfg = Release|Any CPU
		{5139F6D8-8D45-4EBB-A919-9290043E204F}.Release|x86.Build.0 = Release|Any CPU
		{717D8ED2-6B58-449B-8DE8-74ACFE3F6034}.Debug|Any CPU.ActiveCfg = Debug|Any CPU
		{717D8ED2-6B58-449B-8DE8-74ACFE3F6034}.Debug|Any CPU.Build.0 = Debug|Any CPU
		{717D8ED2-6B58-449B-8DE8-74ACFE3F6034}.Debug|x86.ActiveCfg = Debug|Any CPU
		{717D8ED2-6B58-449B-8DE8-74ACFE3F6034}.Debug|x86.Build.0 = Debug|Any CPU
		{717D8ED2-6B58-449B-8DE8-74ACFE3F6034}.Release|Any CPU.ActiveCfg = Release|Any CPU
		{717D8ED2-6B58-449B-8DE8-74ACFE3F6034}.Release|Any CPU.Build.0 = Release|Any CPU
		{717D8ED2-6B58-449B-8DE8-74ACFE3F6034}.Release|x86.ActiveCfg = Release|Any CPU
		{717D8ED2-6B58-449B-8DE8-74ACFE3F6034}.Release|x86.Build.0 = Release|Any CPU
		{23C9DED3-A60A-4D24-9F43-85C0FBBD00D1}.Debug|Any CPU.ActiveCfg = Debug|Any CPU
		{23C9DED3-A60A-4D24-9F43-85C0FBBD00D1}.Debug|Any CPU.Build.0 = Debug|Any CPU
		{23C9DED3-A60A-4D24-9F43-85C0FBBD00D1}.Debug|x86.ActiveCfg = Debug|Any CPU
		{23C9DED3-A60A-4D24-9F43-85C0FBBD00D1}.Debug|x86.Build.0 = Debug|Any CPU
		{23C9DED3-A60A-4D24-9F43-85C0FBBD00D1}.Release|Any CPU.ActiveCfg = Release|Any CPU
		{23C9DED3-A60A-4D24-9F43-85C0FBBD00D1}.Release|Any CPU.Build.0 = Release|Any CPU
		{23C9DED3-A60A-4D24-9F43-85C0FBBD00D1}.Release|x86.ActiveCfg = Release|Any CPU
		{23C9DED3-A60A-4D24-9F43-85C0FBBD00D1}.Release|x86.Build.0 = Release|Any CPU
	EndGlobalSection
	GlobalSection(SolutionProperties) = preSolution
		HideSolutionNode = FALSE
	EndGlobalSection
EndGlobal
